
Microsoft Visual Studio Solution File, Format Version 12.00
# Visual Studio Version 16
VisualStudioVersion = 16.0.31605.320
MinimumVisualStudioVersion = 10.0.40219.1
Project("{9A19103F-16F7-4668-BE54-9A1E7A4F7556}") = "ApiCore", "ApiCore\ApiCore.csproj", "{75CAF8E7-975F-4F4A-B3A1-3A609A836C55}"
EndProject
Project("{9A19103F-16F7-4668-BE54-9A1E7A4F7556}") = "PluginCore", "PluginCore\PluginCore.csproj", "{2131E08E-5BC2-4615-BE0E-9CA970825E9B}"
EndProject
Project("{9A19103F-16F7-4668-BE54-9A1E7A4F7556}") = "LogCore", "LogCore\LogCore.csproj", "{D73743E8-5DDB-4967-BF84-045749835598}"
EndProject
Project("{FAE04EC0-301F-11D3-BF4B-00C04F79EFBC}") = "PluginFactory", "PluginFactory\PluginFactory.csproj", "{B69F65A9-2804-4E7E-B9AC-69AA5D341D02}"
EndProject
Global
	GlobalSection(SolutionConfigurationPlatforms) = preSolution
		Debug|Any CPU = Debug|Any CPU
		Release|Any CPU = Release|Any CPU
	EndGlobalSection
	GlobalSection(ProjectConfigurationPlatforms) = postSolution
		{75CAF8E7-975F-4F4A-B3A1-3A609A836C55}.Debug|Any CPU.ActiveCfg = Debug|Any CPU
		{75CAF8E7-975F-4F4A-B3A1-3A609A836C55}.Debug|Any CPU.Build.0 = Debug|Any CPU
		{75CAF8E7-975F-4F4A-B3A1-3A609A836C55}.Release|Any CPU.ActiveCfg = Release|Any CPU
		{75CAF8E7-975F-4F4A-B3A1-3A609A836C55}.Release|Any CPU.Build.0 = Release|Any CPU
		{2131E08E-5BC2-4615-BE0E-9CA970825E9B}.Debug|Any CPU.ActiveCfg = Debug|Any CPU
		{2131E08E-5BC2-4615-BE0E-9CA970825E9B}.Debug|Any CPU.Build.0 = Debug|Any CPU
		{2131E08E-5BC2-4615-BE0E-9CA970825E9B}.Release|Any CPU.ActiveCfg = Release|Any CPU
		{2131E08E-5BC2-4615-BE0E-9CA970825E9B}.Release|Any CPU.Build.0 = Release|Any CPU
		{D73743E8-5DDB-4967-BF84-045749835598}.Debug|Any CPU.ActiveCfg = Debug|Any CPU
		{D73743E8-5DDB-4967-BF84-045749835598}.Debug|Any CPU.Build.0 = Debug|Any CPU
		{D73743E8-5DDB-4967-BF84-045749835598}.Release|Any CPU.ActiveCfg = Release|Any CPU
		{D73743E8-5DDB-4967-BF84-045749835598}.Release|Any CPU.Build.0 = Release|Any CPU
		{B69F65A9-2804-4E7E-B9AC-69AA5D341D02}.Debug|Any CPU.ActiveCfg = Debug|Any CPU
		{B69F65A9-2804-4E7E-B9AC-69AA5D341D02}.Debug|Any CPU.Build.0 = Debug|Any CPU
		{B69F65A9-2804-4E7E-B9AC-69AA5D341D02}.Release|Any CPU.ActiveCfg = Release|Any CPU
		{B69F65A9-2804-4E7E-B9AC-69AA5D341D02}.Release|Any CPU.Build.0 = Release|Any CPU
	EndGlobalSection
	GlobalSection(SolutionProperties) = preSolution
		HideSolutionNode = FALSE
	EndGlobalSection
	GlobalSection(ExtensibilityGlobals) = postSolution
		SolutionGuid = {B94EADB7-1BC1-4AAA-B4E7-DE9699010E93}
	EndGlobalSection
EndGlobal
